
Microsoft Visual Studio Solution File, Format Version 12.00
# Visual Studio Version 17
VisualStudioVersion = 17.11.35312.102
MinimumVisualStudioVersion = 10.0.40219.1
Project("{FAE04EC0-301F-11D3-BF4B-00C04F79EFBC}") = "AvaStorage", "AvaStorage\AvaStorage.csproj", "{CAB7868B-686A-4026-95DD-B703A5EB7F87}"
EndProject
Global
	GlobalSection(SolutionConfigurationPlatforms) = preSolution
		Debug|Any CPU = Debug|Any CPU
		Release|Any CPU = Release|Any CPU
	EndGlobalSection
	GlobalSection(ProjectConfigurationPlatforms) = postSolution
		{CAB7868B-686A-4026-95DD-B703A5EB7F87}.Debug|Any CPU.ActiveCfg = Debug|Any CPU
		{CAB7868B-686A-4026-95DD-B703A5EB7F87}.Debug|Any CPU.Build.0 = Debug|Any CPU
		{CAB7868B-686A-4026-95DD-B703A5EB7F87}.Release|Any CPU.ActiveCfg = Release|Any CPU
		{CAB7868B-686A-4026-95DD-B703A5EB7F87}.Release|Any CPU.Build.0 = Release|Any CPU
	EndGlobalSection
	GlobalSection(SolutionProperties) = preSolution
		HideSolutionNode = FALSE
	EndGlobalSection
	GlobalSection(ExtensibilityGlobals) = postSolution
		SolutionGuid = {81603E0C-F8F6-4075-A55A-284D944721FF}
	EndGlobalSection
EndGlobal
